{
  "name": "e-commerce",
  "version": "1.0.0",
  "lockfileVersion": 3,
  "requires": true,
  "packages": {
    "": {
      "name": "e-commerce",
      "version": "1.0.0",
      "license": "ISC",
      "dependencies": {
        "@types/angular": "^1.8.9",
        "@types/angular-ui-bootstrap": "^0.13.43",
        "angular-ui-bootstrap": "^2.5.0",
        "typescript": "^5.7.3"
      }
    },
    "node_modules/@types/angular": {
      "version": "1.8.9",
      "resolved": "https://registry.npmjs.org/@types/angular/-/angular-1.8.9.tgz",
      "integrity": "sha512-Z0HukqZkx0fotsV3QO00yqU9NzcQI+tMcrum+8MvfB4ePqCawZctF/gz6QiuII+T1ax+LitNoPx/eICTgnF4sg=="
    },
    "node_modules/@types/angular-ui-bootstrap": {
      "version": "0.13.43",
      "resolved": "https://registry.npmjs.org/@types/angular-ui-bootstrap/-/angular-ui-bootstrap-0.13.43.tgz",
      "integrity": "sha512-N9DqqeD1U/U36JxPmFZMAwIviK+ezA4bM21HyNhoH1s3aiB/wQzKfKCdul1PP5fS0g8lVOWud+Pvo8YBhKSk1w==",
      "dependencies": {
        "@types/angular": "*"
      }
    },
    "node_modules/angular-ui-bootstrap": {
      "version": "2.5.0",
      "resolved": "https://registry.npmjs.org/angular-ui-bootstrap/-/angular-ui-bootstrap-2.5.0.tgz",
      "integrity": "sha512-XcIAGHEUuTBJRnR//mJ2UpbOo//k56Yi+cREn+1O9wSF1rgRY1xZ00mhL3+elrIxaalcO3Kc/L2dZshtrafeGg=="
    },
    "node_modules/typescript": {
      "version": "5.7.3",
      "resolved": "https://registry.npmjs.org/typescript/-/typescript-5.7.3.tgz",
      "integrity": "sha512-84MVSjMEHP+FQRPy3pX9sTVV/INIex71s9TL2Gm5FG/WG1SqXeKyZ0k7/blY/4FdOzI12CBy1vGc4og/eus0fw==",
      "bin": {
        "tsc": "bin/tsc",
        "tsserver": "bin/tsserver"
      },
      "engines": {
        "node": ">=14.17"
      }
    }
  }
}
